
Microsoft Visual Studio Solution File, Format Version 12.00
# Visual Studio Version 16
VisualStudioVersion = 16.0.29424.173
MinimumVisualStudioVersion = 10.0.40219.1
Project("{FAE04EC0-301F-11D3-BF4B-00C04F79EFBC}") = "WebAppFirst", "WebAppFirst.csproj", "{AC3EFE8C-3E7D-4622-992B-14A89BEC6B4A}"
EndProject
Global
	GlobalSection(SolutionConfigurationPlatforms) = preSolution
		Debug|Any CPU = Debug|Any CPU
		Release|Any CPU = Release|Any CPU
	EndGlobalSection
	GlobalSection(ProjectConfigurationPlatforms) = postSolution
		{AC3EFE8C-3E7D-4622-992B-14A89BEC6B4A}.Debug|Any CPU.ActiveCfg = Debug|Any CPU
		{AC3EFE8C-3E7D-4622-992B-14A89BEC6B4A}.Debug|Any CPU.Build.0 = Debug|Any CPU
		{AC3EFE8C-3E7D-4622-992B-14A89BEC6B4A}.Release|Any CPU.ActiveCfg = Release|Any CPU
		{AC3EFE8C-3E7D-4622-992B-14A89BEC6B4A}.Release|Any CPU.Build.0 = Release|Any CPU
	EndGlobalSection
	GlobalSection(SolutionProperties) = preSolution
		HideSolutionNode = FALSE
	EndGlobalSection
	GlobalSection(ExtensibilityGlobals) = postSolution
		SolutionGuid = {4CD72C40-9998-4BF2-BE81-888F3E29F181}
	EndGlobalSection
EndGlobal
